{
  "originHash" : "ca66eb65c3adf423f52f335fed31fe1ffbb6c0a37c921427f64e2367e5aa1289",
  "pins" : [
    {
      "identity" : "webrtc",
      "kind" : "remoteSourceControl",
      "location" : "https://github.com/stasel/WebRTC.git",
      "state" : {
        "revision" : "57c8881d4856f29a1fb809e9c084b7d72fce03fe",
        "version" : "136.0.0"
      }
    }
  ],
  "version" : 3
}
