{
  "originHash" : "38d4254d67c1b79d0832c5a91a464501b8ac322f849d80e136cdf8321ad125de",
  "pins" : [
    {
      "identity" : "webrtc",
      "kind" : "remoteSourceControl",
      "location" : "https://github.com/stasel/WebRTC.git",
      "state" : {
        "revision" : "1048f8396529c10e259f8240d0c2cd607a13defd",
        "version" : "130.0.0"
      }
    }
  ],
  "version" : 3
}
